
Microsoft Visual Studio Solution File, Format Version 12.00
# Visual Studio Version 16
VisualStudioVersion = 16.0.31515.178
MinimumVisualStudioVersion = 10.0.40219.1
Project("{FAE04EC0-301F-11D3-BF4B-00C04F79EFBC}") = "ADODotNetBasic", "ADODotNetBasic\ADODotNetBasic.csproj", "{F296C7F1-7D2C-4BA7-A414-22B829585280}"
EndProject
Global
	GlobalSection(SolutionConfigurationPlatforms) = preSolution
		Debug|Any CPU = Debug|Any CPU
		Release|Any CPU = Release|Any CPU
	EndGlobalSection
	GlobalSection(ProjectConfigurationPlatforms) = postSolution
		{F296C7F1-7D2C-4BA7-A414-22B829585280}.Debug|Any CPU.ActiveCfg = Debug|Any CPU
		{F296C7F1-7D2C-4BA7-A414-22B829585280}.Debug|Any CPU.Build.0 = Debug|Any CPU
		{F296C7F1-7D2C-4BA7-A414-22B829585280}.Release|Any CPU.ActiveCfg = Release|Any CPU
		{F296C7F1-7D2C-4BA7-A414-22B829585280}.Release|Any CPU.Build.0 = Release|Any CPU
	EndGlobalSection
	GlobalSection(SolutionProperties) = preSolution
		HideSolutionNode = FALSE
	EndGlobalSection
	GlobalSection(ExtensibilityGlobals) = postSolution
		SolutionGuid = {7A9C2FDC-E47B-4C8F-A60B-CB1AD642D11C}
	EndGlobalSection
EndGlobal
